
Microsoft Visual Studio Solution File, Format Version 12.00
# Visual Studio Version 17
VisualStudioVersion = 17.8.34525.116
MinimumVisualStudioVersion = 10.0.40219.1
Project("{FAE04EC0-301F-11D3-BF4B-00C04F79EFBC}") = "Methods", "Methods.csproj", "{96A562C6-CC72-4E58-A3F6-E5169C11F331}"
EndProject
Global
	GlobalSection(SolutionConfigurationPlatforms) = preSolution
		Debug|Any CPU = Debug|Any CPU
		Release|Any CPU = Release|Any CPU
	EndGlobalSection
	GlobalSection(ProjectConfigurationPlatforms) = postSolution
		{96A562C6-CC72-4E58-A3F6-E5169C11F331}.Debug|Any CPU.ActiveCfg = Debug|Any CPU
		{96A562C6-CC72-4E58-A3F6-E5169C11F331}.Debug|Any CPU.Build.0 = Debug|Any CPU
		{96A562C6-CC72-4E58-A3F6-E5169C11F331}.Release|Any CPU.ActiveCfg = Release|Any CPU
		{96A562C6-CC72-4E58-A3F6-E5169C11F331}.Release|Any CPU.Build.0 = Release|Any CPU
	EndGlobalSection
	GlobalSection(SolutionProperties) = preSolution
		HideSolutionNode = FALSE
	EndGlobalSection
	GlobalSection(ExtensibilityGlobals) = postSolution
		SolutionGuid = {1B3DE1C0-6976-4404-B90F-FC5D5C419360}
	EndGlobalSection
EndGlobal
