
Microsoft Visual Studio Solution File, Format Version 12.00
# Visual Studio Version 17
VisualStudioVersion = 17.8.34316.72
MinimumVisualStudioVersion = 10.0.40219.1
Project("{8BC9CEB8-8B4A-11D0-8D11-00A0C91BC942}") = "hello", "hello\hello.vcxproj", "{4C8A7C5F-1BC1-423E-A315-941F8F4CF701}"
EndProject
Global
	GlobalSection(SolutionConfigurationPlatforms) = preSolution
		Debug|x64 = Debug|x64
		Debug|x86 = Debug|x86
		Release|x64 = Release|x64
		Release|x86 = Release|x86
	EndGlobalSection
	GlobalSection(ProjectConfigurationPlatforms) = postSolution
		{4C8A7C5F-1BC1-423E-A315-941F8F4CF701}.Debug|x64.ActiveCfg = Debug|x64
		{4C8A7C5F-1BC1-423E-A315-941F8F4CF701}.Debug|x64.Build.0 = Debug|x64
		{4C8A7C5F-1BC1-423E-A315-941F8F4CF701}.Debug|x86.ActiveCfg = Debug|Win32
		{4C8A7C5F-1BC1-423E-A315-941F8F4CF701}.Debug|x86.Build.0 = Debug|Win32
		{4C8A7C5F-1BC1-423E-A315-941F8F4CF701}.Release|x64.ActiveCfg = Release|x64
		{4C8A7C5F-1BC1-423E-A315-941F8F4CF701}.Release|x64.Build.0 = Release|x64
		{4C8A7C5F-1BC1-423E-A315-941F8F4CF701}.Release|x86.ActiveCfg = Release|Win32
		{4C8A7C5F-1BC1-423E-A315-941F8F4CF701}.Release|x86.Build.0 = Release|Win32
	EndGlobalSection
	GlobalSection(SolutionProperties) = preSolution
		HideSolutionNode = FALSE
	EndGlobalSection
	GlobalSection(ExtensibilityGlobals) = postSolution
		SolutionGuid = {D2C4B7D9-F1EF-4E5F-82BE-F2E4F96D8FBF}
	EndGlobalSection
EndGlobal
