
Microsoft Visual Studio Solution File, Format Version 12.00
# Visual Studio Version 17
VisualStudioVersion = 17.9.34616.47
MinimumVisualStudioVersion = 10.0.40219.1
Project("{FAE04EC0-301F-11D3-BF4B-00C04F79EFBC}") = "Progress Bar", "Progress Bar.csproj", "{1826B603-7043-4F7A-BE6B-938D7FE22693}"
EndProject
Global
	GlobalSection(SolutionConfigurationPlatforms) = preSolution
		Debug|Any CPU = Debug|Any CPU
		Release|Any CPU = Release|Any CPU
	EndGlobalSection
	GlobalSection(ProjectConfigurationPlatforms) = postSolution
		{1826B603-7043-4F7A-BE6B-938D7FE22693}.Debug|Any CPU.ActiveCfg = Debug|Any CPU
		{1826B603-7043-4F7A-BE6B-938D7FE22693}.Debug|Any CPU.Build.0 = Debug|Any CPU
		{1826B603-7043-4F7A-BE6B-938D7FE22693}.Release|Any CPU.ActiveCfg = Release|Any CPU
		{1826B603-7043-4F7A-BE6B-938D7FE22693}.Release|Any CPU.Build.0 = Release|Any CPU
	EndGlobalSection
	GlobalSection(SolutionProperties) = preSolution
		HideSolutionNode = FALSE
	EndGlobalSection
	GlobalSection(ExtensibilityGlobals) = postSolution
		SolutionGuid = {F2850366-1B5E-4DD6-BA7C-6060ECB23201}
	EndGlobalSection
EndGlobal
